# This file is automatically @generated by Cargo.
# It is not intended for manual editing.
version = 3

[[package]]
name = "debruijn"
version = "0.1.0"
dependencies = [
 "fingertrees",
]

[[package]]
name = "fingertrees"
version = "0.2.10"
source = "registry+https://github.com/rust-lang/crates.io-index"
checksum = "8c5f96d9a233f5975be42ce80939d64493e91028a3bfba57b782c2502595ce7f"
